
Microsoft Visual Studio Solution File, Format Version 12.00
# Visual Studio Version 17
VisualStudioVersion = 17.0.31903.59
MinimumVisualStudioVersion = 10.0.40219.1
Project("{9A19103F-16F7-4668-BE54-9A1E7A4F7556}") = "PasswordMakerWpf", "PasswordMakerWpf\PasswordMakerWpf.csproj", "{C2D4D344-A911-4CC2-A838-7DB596A8B44D}"
EndProject
Project("{9A19103F-16F7-4668-BE54-9A1E7A4F7556}") = "PasswordMaker", "PasswordMaker\PasswordMaker.csproj", "{33140C13-1B1E-488A-ABF3-23C3FB80501A}"
EndProject
Project("{9A19103F-16F7-4668-BE54-9A1E7A4F7556}") = "PasswordMakerClient", "PasswordMakerClient\PasswordMakerClient.csproj", "{967AEC2B-2E02-43DC-883C-3A7B1F198F05}"
EndProject
Project("{FAE04EC0-301F-11D3-BF4B-00C04F79EFBC}") = "PasswordMakerBlazor", "PasswordMakerBlazor\PasswordMakerBlazor.csproj", "{1D8CE75F-ED1B-42AD-AF06-701BF6C183BD}"
EndProject
Project("{FAE04EC0-301F-11D3-BF4B-00C04F79EFBC}") = "PasswordMakerAvalonia", "PasswordMakerAvalonia\PasswordMakerAvalonia.csproj", "{B6DC831B-CC63-4A97-B9DE-EAC2FDBD337A}"
EndProject
Project("{FAE04EC0-301F-11D3-BF4B-00C04F79EFBC}") = "PasswordMakerAvalonia.Android", "PasswordMakerAvalonia.Android\PasswordMakerAvalonia.Android.csproj", "{1FE472D1-C5E4-4ACE-B529-2D34F24205AE}"
EndProject
Project("{FAE04EC0-301F-11D3-BF4B-00C04F79EFBC}") = "PasswordMakerAvalonia.Browser", "PasswordMakerAvalonia.Browser\PasswordMakerAvalonia.Browser.csproj", "{75105FC2-5B70-416E-B84A-8E036596BB40}"
EndProject
Project("{FAE04EC0-301F-11D3-BF4B-00C04F79EFBC}") = "PasswordMakerAvalonia.Desktop", "PasswordMakerAvalonia.Desktop\PasswordMakerAvalonia.Desktop.csproj", "{4E8B4EF5-BCD0-4359-ACA3-23B9BA32F1AE}"
EndProject
Global
	GlobalSection(SolutionConfigurationPlatforms) = preSolution
		Debug|Any CPU = Debug|Any CPU
		Release|Any CPU = Release|Any CPU
	EndGlobalSection
	GlobalSection(ProjectConfigurationPlatforms) = postSolution
		{C2D4D344-A911-4CC2-A838-7DB596A8B44D}.Debug|Any CPU.ActiveCfg = Debug|Any CPU
		{C2D4D344-A911-4CC2-A838-7DB596A8B44D}.Debug|Any CPU.Build.0 = Debug|Any CPU
		{C2D4D344-A911-4CC2-A838-7DB596A8B44D}.Release|Any CPU.ActiveCfg = Release|Any CPU
		{C2D4D344-A911-4CC2-A838-7DB596A8B44D}.Release|Any CPU.Build.0 = Release|Any CPU
		{33140C13-1B1E-488A-ABF3-23C3FB80501A}.Debug|Any CPU.ActiveCfg = Debug|Any CPU
		{33140C13-1B1E-488A-ABF3-23C3FB80501A}.Debug|Any CPU.Build.0 = Debug|Any CPU
		{33140C13-1B1E-488A-ABF3-23C3FB80501A}.Release|Any CPU.ActiveCfg = Release|Any CPU
		{33140C13-1B1E-488A-ABF3-23C3FB80501A}.Release|Any CPU.Build.0 = Release|Any CPU
		{967AEC2B-2E02-43DC-883C-3A7B1F198F05}.Debug|Any CPU.ActiveCfg = Debug|Any CPU
		{967AEC2B-2E02-43DC-883C-3A7B1F198F05}.Debug|Any CPU.Build.0 = Debug|Any CPU
		{967AEC2B-2E02-43DC-883C-3A7B1F198F05}.Release|Any CPU.ActiveCfg = Release|Any CPU
		{967AEC2B-2E02-43DC-883C-3A7B1F198F05}.Release|Any CPU.Build.0 = Release|Any CPU
		{1D8CE75F-ED1B-42AD-AF06-701BF6C183BD}.Debug|Any CPU.ActiveCfg = Debug|Any CPU
		{1D8CE75F-ED1B-42AD-AF06-701BF6C183BD}.Debug|Any CPU.Build.0 = Debug|Any CPU
		{1D8CE75F-ED1B-42AD-AF06-701BF6C183BD}.Release|Any CPU.ActiveCfg = Release|Any CPU
		{1D8CE75F-ED1B-42AD-AF06-701BF6C183BD}.Release|Any CPU.Build.0 = Release|Any CPU
		{B6DC831B-CC63-4A97-B9DE-EAC2FDBD337A}.Debug|Any CPU.ActiveCfg = Debug|Any CPU
		{B6DC831B-CC63-4A97-B9DE-EAC2FDBD337A}.Debug|Any CPU.Build.0 = Debug|Any CPU
		{B6DC831B-CC63-4A97-B9DE-EAC2FDBD337A}.Release|Any CPU.ActiveCfg = Release|Any CPU
		{B6DC831B-CC63-4A97-B9DE-EAC2FDBD337A}.Release|Any CPU.Build.0 = Release|Any CPU
		{1FE472D1-C5E4-4ACE-B529-2D34F24205AE}.Debug|Any CPU.ActiveCfg = Debug|Any CPU
		{1FE472D1-C5E4-4ACE-B529-2D34F24205AE}.Debug|Any CPU.Build.0 = Debug|Any CPU
		{1FE472D1-C5E4-4ACE-B529-2D34F24205AE}.Debug|Any CPU.Deploy.0 = Debug|Any CPU
		{1FE472D1-C5E4-4ACE-B529-2D34F24205AE}.Release|Any CPU.ActiveCfg = Release|Any CPU
		{1FE472D1-C5E4-4ACE-B529-2D34F24205AE}.Release|Any CPU.Build.0 = Release|Any CPU
		{1FE472D1-C5E4-4ACE-B529-2D34F24205AE}.Release|Any CPU.Deploy.0 = Release|Any CPU
		{75105FC2-5B70-416E-B84A-8E036596BB40}.Debug|Any CPU.ActiveCfg = Debug|Any CPU
		{75105FC2-5B70-416E-B84A-8E036596BB40}.Debug|Any CPU.Build.0 = Debug|Any CPU
		{75105FC2-5B70-416E-B84A-8E036596BB40}.Release|Any CPU.ActiveCfg = Release|Any CPU
		{75105FC2-5B70-416E-B84A-8E036596BB40}.Release|Any CPU.Build.0 = Release|Any CPU
		{4E8B4EF5-BCD0-4359-ACA3-23B9BA32F1AE}.Debug|Any CPU.ActiveCfg = Debug|Any CPU
		{4E8B4EF5-BCD0-4359-ACA3-23B9BA32F1AE}.Debug|Any CPU.Build.0 = Debug|Any CPU
		{4E8B4EF5-BCD0-4359-ACA3-23B9BA32F1AE}.Release|Any CPU.ActiveCfg = Release|Any CPU
		{4E8B4EF5-BCD0-4359-ACA3-23B9BA32F1AE}.Release|Any CPU.Build.0 = Release|Any CPU
	EndGlobalSection
	GlobalSection(SolutionProperties) = preSolution
		HideSolutionNode = FALSE
	EndGlobalSection
	GlobalSection(ExtensibilityGlobals) = postSolution
		SolutionGuid = {79A6CD81-F23D-4566-8F88-77E6F7875CD5}
	EndGlobalSection
EndGlobal
